// !$*UTF8*$!
{
	archiveVersion = 1;
	classes = {
	};
	objectVersion = 50;
	objects = {

/* Begin PBXBuildFile section */
		4887018221034B7B0054B0F6 /* AppDelegate.swift in Sources */ = {isa = PBXBuildFile; fileRef = 4887018121034B7B0054B0F6 /* AppDelegate.swift */; };
		4887018421034B7B0054B0F6 /* ViewController.swift in Sources */ = {isa = PBXBuildFile; fileRef = 4887018321034B7B0054B0F6 /* ViewController.swift */; };
		4887018721034B7B0054B0F6 /* Main.storyboard in Resources */ = {isa = PBXBuildFile; fileRef = 4887018521034B7B0054B0F6 /* Main.storyboard */; };
		4887018921034B7F0054B0F6 /* Assets.xcassets in Resources */ = {isa = PBXBuildFile; fileRef = 4887018821034B7F0054B0F6 /* Assets.xcassets */; };
		4887018C21034B7F0054B0F6 /* LaunchScreen.storyboard in Resources */ = {isa = PBXBuildFile; fileRef = 4887018A21034B7F0054B0F6 /* LaunchScreen.storyboard */; };
		4887019721034B800054B0F6 /* MusicPlayerAppTests.swift in Sources */ = {isa = PBXBuildFile; fileRef = 4887019621034B800054B0F6 /* MusicPlayerAppTests.swift */; };
		488701A221034B800054B0F6 /* MusicPlayerAppUITests.swift in Sources */ = {isa = PBXBuildFile; fileRef = 488701A121034B800054B0F6 /* MusicPlayerAppUITests.swift */; };
		488701B22103580D0054B0F6 /* SK4MusicPlayerAdmin.swift in Sources */ = {isa = PBXBuildFile; fileRef = 488701B12103580D0054B0F6 /* SK4MusicPlayerAdmin.swift */; };
/* End PBXBuildFile section */

/* Begin PBXContainerItemProxy section */
		4887019321034B800054B0F6 /* PBXContainerItemProxy */ = {
			isa = PBXContainerItemProxy;
			containerPortal = 4887017621034B7A0054B0F6 /* Project object */;
			proxyType = 1;
			remoteGlobalIDString = 4887017D21034B7A0054B0F6;
			remoteInfo = MusicPlayerApp;
		};
		4887019E21034B800054B0F6 /* PBXContainerItemProxy */ = {
			isa = PBXContainerItemProxy;
			containerPortal = 4887017621034B7A0054B0F6 /* Project object */;
			proxyType = 1;
			remoteGlobalIDString = 4887017D21034B7A0054B0F6;
			remoteInfo = MusicPlayerApp;
		};
/* End PBXContainerItemProxy section */

/* Begin PBXFileReference section */
		4887017E21034B7B0054B0F6 /* MusicPlayerApp.app */ = {isa = PBXFileReference; explicitFileType = wrapper.application; includeInIndex = 0; path = MusicPlayerApp.app; sourceTree = BUILT_PRODUCTS_DIR; };
		4887018121034B7B0054B0F6 /* AppDelegate.swift */ = {isa = PBXFileReference; lastKnownFileType = sourcecode.swift; path = AppDelegate.swift; sourceTree = "<group>"; };
		4887018321034B7B0054B0F6 /* ViewController.swift */ = {isa = PBXFileReference; lastKnownFileType = sourcecode.swift; path = ViewController.swift; sourceTree = "<group>"; };
		4887018621034B7B0054B0F6 /* Base */ = {isa = PBXFileReference; lastKnownFileType = file.storyboard; name = Base; path = Base.lproj/Main.storyboard; sourceTree = "<group>"; };
		4887018821034B7F0054B0F6 /* Assets.xcassets */ = {isa = PBXFileReference; lastKnownFileType = folder.assetcatalog; path = Assets.xcassets; sourceTree = "<group>"; };
		4887018B21034B7F0054B0F6 /* Base */ = {isa = PBXFileReference; lastKnownFileType = file.storyboard; name = Base; path = Base.lproj/LaunchScreen.storyboard; sourceTree = "<group>"; };
		4887018D21034B7F0054B0F6 /* Info.plist */ = {isa = PBXFileReference; lastKnownFileType = text.plist.xml; path = Info.plist; sourceTree = "<group>"; };
		4887019221034B800054B0F6 /* MusicPlayerAppTests.xctest */ = {isa = PBXFileReference; explicitFileType = wrapper.cfbundle; includeInIndex = 0; path = MusicPlayerAppTests.xctest; sourceTree = BUILT_PRODUCTS_DIR; };
		4887019621034B800054B0F6 /* MusicPlayerAppTests.swift */ = {isa = PBXFileReference; lastKnownFileType = sourcecode.swift; path = MusicPlayerAppTests.swift; sourceTree = "<group>"; };
		4887019821034B800054B0F6 /* Info.plist */ = {isa = PBXFileReference; lastKnownFileType = text.plist.xml; path = Info.plist; sourceTree = "<group>"; };
		4887019D21034B800054B0F6 /* MusicPlayerAppUITests.xctest */ = {isa = PBXFileReference; explicitFileType = wrapper.cfbundle; includeInIndex = 0; path = MusicPlayerAppUITests.xctest; sourceTree = BUILT_PRODUCTS_DIR; };
		488701A121034B800054B0F6 /* MusicPlayerAppUITests.swift */ = {isa = PBXFileReference; lastKnownFileType = sourcecode.swift; path = MusicPlayerAppUITests.swift; sourceTree = "<group>"; };
		488701A321034B800054B0F6 /* Info.plist */ = {isa = PBXFileReference; lastKnownFileType = text.plist.xml; path = Info.plist; sourceTree = "<group>"; };
		488701B12103580D0054B0F6 /* SK4MusicPlayerAdmin.swift */ = {isa = PBXFileReference; lastKnownFileType = sourcecode.swift; path = SK4MusicPlayerAdmin.swift; sourceTree = "<group>"; };
/* End PBXFileReference section */

/* Begin PBXFrameworksBuildPhase section */
		4887017B21034B7A0054B0F6 /* Frameworks */ = {
			isa = PBXFrameworksBuildPhase;
			buildActionMask = 2147483647;
			files = (
			);
			runOnlyForDeploymentPostprocessing = 0;
		};
		4887018F21034B800054B0F6 /* Frameworks */ = {
			isa = PBXFrameworksBuildPhase;
			buildActionMask = 2147483647;
			files = (
			);
			runOnlyForDeploymentPostprocessing = 0;
		};
		4887019A21034B800054B0F6 /* Frameworks */ = {
			isa = PBXFrameworksBuildPhase;
			buildActionMask = 2147483647;
			files = (
			);
			runOnlyForDeploymentPostprocessing = 0;
		};
/* End PBXFrameworksBuildPhase section */

/* Begin PBXGroup section */
		4887017521034B7A0054B0F6 = {
			isa = PBXGroup;
			children = (
				4887018021034B7B0054B0F6 /* MusicPlayerApp */,
				4887019521034B800054B0F6 /* MusicPlayerAppTests */,
				488701A021034B800054B0F6 /* MusicPlayerAppUITests */,
				4887017F21034B7B0054B0F6 /* Products */,
			);
			sourceTree = "<group>";
		};
		4887017F21034B7B0054B0F6 /* Products */ = {
			isa = PBXGroup;
			children = (
				4887017E21034B7B0054B0F6 /* MusicPlayerApp.app */,
				4887019221034B800054B0F6 /* MusicPlayerAppTests.xctest */,
				4887019D21034B800054B0F6 /* MusicPlayerAppUITests.xctest */,
			);
			name = Products;
			sourceTree = "<group>";
		};
		4887018021034B7B0054B0F6 /* MusicPlayerApp */ = {
			isa = PBXGroup;
			children = (
				4887018121034B7B0054B0F6 /* AppDelegate.swift */,
				4887018321034B7B0054B0F6 /* ViewController.swift */,
				488701B12103580D0054B0F6 /* SK4MusicPlayerAdmin.swift */,
				4887018521034B7B0054B0F6 /* Main.storyboard */,
				4887018821034B7F0054B0F6 /* Assets.xcassets */,
				4887018A21034B7F0054B0F6 /* LaunchScreen.storyboard */,
				4887018D21034B7F0054B0F6 /* Info.plist */,
			);
			path = MusicPlayerApp;
			sourceTree = "<group>";
		};
		4887019521034B800054B0F6 /* MusicPlayerAppTests */ = {
			isa = PBXGroup;
			children = (
				4887019621034B800054B0F6 /* MusicPlayerAppTests.swift */,
				4887019821034B800054B0F6 /* Info.plist */,
			);
			path = MusicPlayerAppTests;
			sourceTree = "<group>";
		};
		488701A021034B800054B0F6 /* MusicPlayerAppUITests */ = {
			isa = PBXGroup;
			children = (
				488701A121034B800054B0F6 /* MusicPlayerAppUITests.swift */,
				488701A321034B800054B0F6 /* Info.plist */,
			);
			path = MusicPlayerAppUITests;
			sourceTree = "<group>";
		};
/* End PBXGroup section */

/* Begin PBXNativeTarget section */
		4887017D21034B7A0054B0F6 /* MusicPlayerApp */ = {
			isa = PBXNativeTarget;
			buildConfigurationList = 488701A621034B800054B0F6 /* Build configuration list for PBXNativeTarget "MusicPlayerApp" */;
			buildPhases = (
				4887017A21034B7A0054B0F6 /* Sources */,
				4887017B21034B7A0054B0F6 /* Frameworks */,
				4887017C21034B7A0054B0F6 /* Resources */,
			);
			buildRules = (
			);
			dependencies = (
			);
			name = MusicPlayerApp;
			productName = MusicPlayerApp;
			productReference = 4887017E21034B7B0054B0F6 /* MusicPlayerApp.app */;
			productType = "com.apple.product-type.application";
		};
		4887019121034B800054B0F6 /* MusicPlayerAppTests */ = {
			isa = PBXNativeTarget;
			buildConfigurationList = 488701A921034B800054B0F6 /* Build configuration list for PBXNativeTarget "MusicPlayerAppTests" */;
			buildPhases = (
				4887018E21034B800054B0F6 /* Sources */,
				4887018F21034B800054B0F6 /* Frameworks */,
				4887019021034B800054B0F6 /* Resources */,
			);
			buildRules = (
			);
			dependencies = (
				4887019421034B800054B0F6 /* PBXTargetDependency */,
			);
			name = MusicPlayerAppTests;
			productName = MusicPlayerAppTests;
			productReference = 4887019221034B800054B0F6 /* MusicPlayerAppTests.xctest */;
			productType = "com.apple.product-type.bundle.unit-test";
		};
		4887019C21034B800054B0F6 /* MusicPlayerAppUITests */ = {
			isa = PBXNativeTarget;
			buildConfigurationList = 488701AC21034B800054B0F6 /* Build configuration list for PBXNativeTarget "MusicPlayerAppUITests" */;
			buildPhases = (
				4887019921034B800054B0F6 /* Sources */,
				4887019A21034B800054B0F6 /* Frameworks */,
				4887019B21034B800054B0F6 /* Resources */,
			);
			buildRules = (
			);
			dependencies = (
				4887019F21034B800054B0F6 /* PBXTargetDependency */,
			);
			name = MusicPlayerAppUITests;
			productName = MusicPlayerAppUITests;
			productReference = 4887019D21034B800054B0F6 /* MusicPlayerAppUITests.xctest */;
			productType = "com.apple.product-type.bundle.ui-testing";
		};
/* End PBXNativeTarget section */

/* Begin PBXProject section */
		4887017621034B7A0054B0F6 /* Project object */ = {
			isa = PBXProject;
			attributes = {
				LastSwiftUpdateCheck = 0940;
				LastUpgradeCheck = 0940;
				ORGANIZATIONNAME = "伊勢峻";
				TargetAttributes = {
					4887017D21034B7A0054B0F6 = {
						CreatedOnToolsVersion = 9.4.1;
					};
					4887019121034B800054B0F6 = {
						CreatedOnToolsVersion = 9.4.1;
						TestTargetID = 4887017D21034B7A0054B0F6;
					};
					4887019C21034B800054B0F6 = {
						CreatedOnToolsVersion = 9.4.1;
						TestTargetID = 4887017D21034B7A0054B0F6;
					};
				};
			};
			buildConfigurationList = 4887017921034B7A0054B0F6 /* Build configuration list for PBXProject "MusicPlayerApp" */;
			compatibilityVersion = "Xcode 9.3";
			developmentRegion = en;
			hasScannedForEncodings = 0;
			knownRegions = (
				en,
				Base,
			);
			mainGroup = 4887017521034B7A0054B0F6;
			productRefGroup = 4887017F21034B7B0054B0F6 /* Products */;
			projectDirPath = "";
			projectRoot = "";
			targets = (
				4887017D21034B7A0054B0F6 /* MusicPlayerApp */,
				4887019121034B800054B0F6 /* MusicPlayerAppTests */,
				4887019C21034B800054B0F6 /* MusicPlayerAppUITests */,
			);
		};
/* End PBXProject section */

/* Begin PBXResourcesBuildPhase section */
		4887017C21034B7A0054B0F6 /* Resources */ = {
			isa = PBXResourcesBuildPhase;
			buildActionMask = 2147483647;
			files = (
				4887018C21034B7F0054B0F6 /* LaunchScreen.storyboard in Resources */,
				4887018921034B7F0054B0F6 /* Assets.xcassets in Resources */,
				4887018721034B7B0054B0F6 /* Main.storyboard in Resources */,
			);
			runOnlyForDeploymentPostprocessing = 0;
		};
		4887019021034B800054B0F6 /* Resources */ = {
			isa = PBXResourcesBuildPhase;
			buildActionMask = 2147483647;
			files = (
			);
			runOnlyForDeploymentPostprocessing = 0;
		};
		4887019B21034B800054B0F6 /* Resources */ = {
			isa = PBXResourcesBuildPhase;
			buildActionMask = 2147483647;
			files = (
			);
			runOnlyForDeploymentPostprocessing = 0;
		};
/* End PBXResourcesBuildPhase section */

/* Begin PBXSourcesBuildPhase section */
		4887017A21034B7A0054B0F6 /* Sources */ = {
			isa = PBXSourcesBuildPhase;
			buildActionMask = 2147483647;
			files = (
				4887018421034B7B0054B0F6 /* ViewController.swift in Sources */,
				4887018221034B7B0054B0F6 /* AppDelegate.swift in Sources */,
				488701B22103580D0054B0F6 /* SK4MusicPlayerAdmin.swift in Sources */,
			);
			runOnlyForDeploymentPostprocessing = 0;
		};
		4887018E21034B800054B0F6 /* Sources */ = {
			isa = PBXSourcesBuildPhase;
			buildActionMask = 2147483647;
			files = (
				4887019721034B800054B0F6 /* MusicPlayerAppTests.swift in Sources */,
			);
			runOnlyForDeploymentPostprocessing = 0;
		};
		4887019921034B800054B0F6 /* Sources */ = {
			isa = PBXSourcesBuildPhase;
			buildActionMask = 2147483647;
			files = (
				488701A221034B800054B0F6 /* MusicPlayerAppUITests.swift in Sources */,
			);
			runOnlyForDeploymentPostprocessing = 0;
		};
/* End PBXSourcesBuildPhase section */

/* Begin PBXTargetDependency section */
		4887019421034B800054B0F6 /* PBXTargetDependency */ = {
			isa = PBXTargetDependency;
			target = 4887017D21034B7A0054B0F6 /* MusicPlayerApp */;
			targetProxy = 4887019321034B800054B0F6 /* PBXContainerItemProxy */;
		};
		4887019F21034B800054B0F6 /* PBXTargetDependency */ = {
			isa = PBXTargetDependency;
			target = 4887017D21034B7A0054B0F6 /* MusicPlayerApp */;
			targetProxy = 4887019E21034B800054B0F6 /* PBXContainerItemProxy */;
		};
/* End PBXTargetDependency section */

/* Begin PBXVariantGroup section */
		4887018521034B7B0054B0F6 /* Main.storyboard */ = {
			isa = PBXVariantGroup;
			children = (
				4887018621034B7B0054B0F6 /* Base */,
			);
			name = Main.storyboard;
			sourceTree = "<group>";
		};
		4887018A21034B7F0054B0F6 /* LaunchScreen.storyboard */ = {
			isa = PBXVariantGroup;
			children = (
				4887018B21034B7F0054B0F6 /* Base */,
			);
			name = LaunchScreen.storyboard;
			sourceTree = "<group>";
		};
/* End PBXVariantGroup section */

/* Begin XCBuildConfiguration section */
		488701A421034B800054B0F6 /* Debug */ = {
			isa = XCBuildConfiguration;
			buildSettings = {
				ALWAYS_SEARCH_USER_PATHS = NO;
				CLANG_ANALYZER_NONNULL = YES;
				CLANG_ANALYZER_NUMBER_OBJECT_CONVERSION = YES_AGGRESSIVE;
				CLANG_CXX_LANGUAGE_STANDARD = "gnu++14";
				CLANG_CXX_LIBRARY = "libc++";
				CLANG_ENABLE_MODULES = YES;
				CLANG_ENABLE_OBJC_ARC = YES;
				CLANG_ENABLE_OBJC_WEAK = YES;
				CLANG_WARN_BLOCK_CAPTURE_AUTORELEASING = YES;
				CLANG_WARN_BOOL_CONVERSION = YES;
				CLANG_WARN_COMMA = YES;
				CLANG_WARN_CONSTANT_CONVERSION = YES;
				CLANG_WARN_DEPRECATED_OBJC_IMPLEMENTATIONS = YES;
				CLANG_WARN_DIRECT_OBJC_ISA_USAGE = YES_ERROR;
				CLANG_WARN_DOCUMENTATION_COMMENTS = YES;
				CLANG_WARN_EMPTY_BODY = YES;
				CLANG_WARN_ENUM_CONVERSION = YES;
				CLANG_WARN_INFINITE_RECURSION = YES;
				CLANG_WARN_INT_CONVERSION = YES;
				CLANG_WARN_NON_LITERAL_NULL_CONVERSION = YES;
				CLANG_WARN_OBJC_IMPLICIT_RETAIN_SELF = YES;
				CLANG_WARN_OBJC_LITERAL_CONVERSION = YES;
				CLANG_WARN_OBJC_ROOT_CLASS = YES_ERROR;
				CLANG_WARN_RANGE_LOOP_ANALYSIS = YES;
				CLANG_WARN_STRICT_PROTOTYPES = YES;
				CLANG_WARN_SUSPICIOUS_MOVE = YES;
				CLANG_WARN_UNGUARDED_AVAILABILITY = YES_AGGRESSIVE;
				CLANG_WARN_UNREACHABLE_CODE = YES;
				CLANG_WARN__DUPLICATE_METHOD_MATCH = YES;
				CODE_SIGN_IDENTITY = "iPhone Developer";
				COPY_PHASE_STRIP = NO;
				DEBUG_INFORMATION_FORMAT = dwarf;
				ENABLE_STRICT_OBJC_MSGSEND = YES;
				ENABLE_TESTABILITY = YES;
				GCC_C_LANGUAGE_STANDARD = gnu11;
				GCC_DYNAMIC_NO_PIC = NO;
				GCC_NO_COMMON_BLOCKS = YES;
				GCC_OPTIMIZATION_LEVEL = 0;
				GCC_PREPROCESSOR_DEFINITIONS = (
					"DEBUG=1",
					"$(inherited)",
				);
				GCC_WARN_64_TO_32_BIT_CONVERSION = YES;
				GCC_WARN_ABOUT_RETURN_TYPE = YES_ERROR;
				GCC_WARN_UNDECLARED_SELECTOR = YES;
				GCC_WARN_UNINITIALIZED_AUTOS = YES_AGGRESSIVE;
				GCC_WARN_UNUSED_FUNCTION = YES;
				GCC_WARN_UNUSED_VARIABLE = YES;
				IPHONEOS_DEPLOYMENT_TARGET = 11.4;
				MTL_ENABLE_DEBUG_INFO = YES;
				ONLY_ACTIVE_ARCH = YES;
				SDKROOT = iphoneos;
				SWIFT_ACTIVE_COMPILATION_CONDITIONS = DEBUG;
				SWIFT_OPTIMIZATION_LEVEL = "-Onone";
			};
			name = Debug;
		};
		488701A521034B800054B0F6 /* Release */ = {
			isa = XCBuildConfiguration;
			buildSettings = {
				ALWAYS_SEARCH_USER_PATHS = NO;
				CLANG_ANALYZER_NONNULL = YES;
				CLANG_ANALYZER_NUMBER_OBJECT_CONVERSION = YES_AGGRESSIVE;
				CLANG_CXX_LANGUAGE_STANDARD = "gnu++14";
				CLANG_CXX_LIBRARY = "libc++";
				CLANG_ENABLE_MODULES = YES;
				CLANG_ENABLE_OBJC_ARC = YES;
				CLANG_ENABLE_OBJC_WEAK = YES;
				CLANG_WARN_BLOCK_CAPTURE_AUTORELEASING = YES;
				CLANG_WARN_BOOL_CONVERSION = YES;
				CLANG_WARN_COMMA = YES;
				CLANG_WARN_CONSTANT_CONVERSION = YES;
				CLANG_WARN_DEPRECATED_OBJC_IMPLEMENTATIONS = YES;
				CLANG_WARN_DIRECT_OBJC_ISA_USAGE = YES_ERROR;
				CLANG_WARN_DOCUMENTATION_COMMENTS = YES;
				CLANG_WARN_EMPTY_BODY = YES;
				CLANG_WARN_ENUM_CONVERSION = YES;
				CLANG_WARN_INFINITE_RECURSION = YES;
				CLANG_WARN_INT_CONVERSION = YES;
				CLANG_WARN_NON_LITERAL_NULL_CONVERSION = YES;
				CLANG_WARN_OBJC_IMPLICIT_RETAIN_SELF = YES;
				CLANG_WARN_OBJC_LITERAL_CONVERSION = YES;
				CLANG_WARN_OBJC_ROOT_CLASS = YES_ERROR;
				CLANG_WARN_RANGE_LOOP_ANALYSIS = YES;
				CLANG_WARN_STRICT_PROTOTYPES = YES;
				CLANG_WARN_SUSPICIOUS_MOVE = YES;
				CLANG_WARN_UNGUARDED_AVAILABILITY = YES_AGGRESSIVE;
				CLANG_WARN_UNREACHABLE_CODE = YES;
				CLANG_WARN__DUPLICATE_METHOD_MATCH = YES;
				CODE_SIGN_IDENTITY = "iPhone Developer";
				COPY_PHASE_STRIP = NO;
				DEBUG_INFORMATION_FORMAT = "dwarf-with-dsym";
				ENABLE_NS_ASSERTIONS = NO;
				ENABLE_STRICT_OBJC_MSGSEND = YES;
				GCC_C_LANGUAGE_STANDARD = gnu11;
				GCC_NO_COMMON_BLOCKS = YES;
				GCC_WARN_64_TO_32_BIT_CONVERSION = YES;
				GCC_WARN_ABOUT_RETURN_TYPE = YES_ERROR;
				GCC_WARN_UNDECLARED_SELECTOR = YES;
				GCC_WARN_UNINITIALIZED_AUTOS = YES_AGGRESSIVE;
				GCC_WARN_UNUSED_FUNCTION = YES;
				GCC_WARN_UNUSED_VARIABLE = YES;
				IPHONEOS_DEPLOYMENT_TARGET = 11.4;
				MTL_ENABLE_DEBUG_INFO = NO;
				SDKROOT = iphoneos;
				SWIFT_COMPILATION_MODE = wholemodule;
				SWIFT_OPTIMIZATION_LEVEL = "-O";
				VALIDATE_PRODUCT = YES;
			};
			name = Release;
		};
		488701A721034B800054B0F6 /* Debug */ = {
			isa = XCBuildConfiguration;
			buildSettings = {
				ASSETCATALOG_COMPILER_APPICON_NAME = AppIcon;
				CODE_SIGN_STYLE = Automatic;
				DEVELOPMENT_TEAM = VMTW23RC5P;
				INFOPLIST_FILE = MusicPlayerApp/Info.plist;
				IPHONEOS_DEPLOYMENT_TARGET = 11.3;
				LD_RUNPATH_SEARCH_PATHS = (
					"$(inherited)",
					"@executable_path/Frameworks",
				);
				PRODUCT_BUNDLE_IDENTIFIER = jp.co.SampleProject.MusicPlayerApp;
				PRODUCT_NAME = "$(TARGET_NAME)";
				SWIFT_VERSION = 4.0;
				TARGETED_DEVICE_FAMILY = 1;
			};
			name = Debug;
		};
		488701A821034B800054B0F6 /* Release */ = {
			isa = XCBuildConfiguration;
			buildSettings = {
				ASSETCATALOG_COMPILER_APPICON_NAME = AppIcon;
				CODE_SIGN_STYLE = Automatic;
				DEVELOPMENT_TEAM = VMTW23RC5P;
				INFOPLIST_FILE = MusicPlayerApp/Info.plist;
				IPHONEOS_DEPLOYMENT_TARGET = 11.3;
				LD_RUNPATH_SEARCH_PATHS = (
					"$(inherited)",
					"@executable_path/Frameworks",
				);
				PRODUCT_BUNDLE_IDENTIFIER = jp.co.SampleProject.MusicPlayerApp;
				PRODUCT_NAME = "$(TARGET_NAME)";
				SWIFT_VERSION = 4.0;
				TARGETED_DEVICE_FAMILY = 1;
			};
			name = Release;
		};
		488701AA21034B800054B0F6 /* Debug */ = {
			isa = XCBuildConfiguration;
			buildSettings = {
				ALWAYS_EMBED_SWIFT_STANDARD_LIBRARIES = YES;
				BUNDLE_LOADER = "$(TEST_HOST)";
				CODE_SIGN_STYLE = Automatic;
				INFOPLIST_FILE = MusicPlayerAppTests/Info.plist;
				LD_RUNPATH_SEARCH_PATHS = (
					"$(inherited)",
					"@executable_path/Frameworks",
					"@loader_path/Frameworks",
				);
				PRODUCT_BUNDLE_IDENTIFIER = jp.co.SampleProject.MusicPlayerAppTests;
				PRODUCT_NAME = "$(TARGET_NAME)";
				SWIFT_VERSION = 4.0;
				TARGETED_DEVICE_FAMILY = "1,2";
				TEST_HOST = "$(BUILT_PRODUCTS_DIR)/MusicPlayerApp.app/MusicPlayerApp";
			};
			name = Debug;
		};
		488701AB21034B800054B0F6 /* Release */ = {
			isa = XCBuildConfiguration;
			buildSettings = {
				ALWAYS_EMBED_SWIFT_STANDARD_LIBRARIES = YES;
				BUNDLE_LOADER = "$(TEST_HOST)";
				CODE_SIGN_STYLE = Automatic;
				INFOPLIST_FILE = MusicPlayerAppTests/Info.plist;
				LD_RUNPATH_SEARCH_PATHS = (
					"$(inherited)",
					"@executable_path/Frameworks",
					"@loader_path/Frameworks",
				);
				PRODUCT_BUNDLE_IDENTIFIER = jp.co.SampleProject.MusicPlayerAppTests;
				PRODUCT_NAME = "$(TARGET_NAME)";
				SWIFT_VERSION = 4.0;
				TARGETED_DEVICE_FAMILY = "1,2";
				TEST_HOST = "$(BUILT_PRODUCTS_DIR)/MusicPlayerApp.app/MusicPlayerApp";
			};
			name = Release;
		};
		488701AD21034B800054B0F6 /* Debug */ = {
			isa = XCBuildConfiguration;
			buildSettings = {
				ALWAYS_EMBED_SWIFT_STANDARD_LIBRARIES = YES;
				CODE_SIGN_STYLE = Automatic;
				INFOPLIST_FILE = MusicPlayerAppUITests/Info.plist;
				LD_RUNPATH_SEARCH_PATHS = (
					"$(inherited)",
					"@executable_path/Frameworks",
					"@loader_path/Frameworks",
				);
				PRODUCT_BUNDLE_IDENTIFIER = jp.co.SampleProject.MusicPlayerAppUITests;
				PRODUCT_NAME = "$(TARGET_NAME)";
				SWIFT_VERSION = 4.0;
				TARGETED_DEVICE_FAMILY = "1,2";
				TEST_TARGET_NAME = MusicPlayerApp;
			};
			name = Debug;
		};
		488701AE21034B800054B0F6 /* Release */ = {
			isa = XCBuildConfiguration;
			buildSettings = {
				ALWAYS_EMBED_SWIFT_STANDARD_LIBRARIES = YES;
				CODE_SIGN_STYLE = Automatic;
				INFOPLIST_FILE = MusicPlayerAppUITests/Info.plist;
				LD_RUNPATH_SEARCH_PATHS = (
					"$(inherited)",
					"@executable_path/Frameworks",
					"@loader_path/Frameworks",
				);
				PRODUCT_BUNDLE_IDENTIFIER = jp.co.SampleProject.MusicPlayerAppUITests;
				PRODUCT_NAME = "$(TARGET_NAME)";
				SWIFT_VERSION = 4.0;
				TARGETED_DEVICE_FAMILY = "1,2";
				TEST_TARGET_NAME = MusicPlayerApp;
			};
			name = Release;
		};
/* End XCBuildConfiguration section */

/* Begin XCConfigurationList section */
		4887017921034B7A0054B0F6 /* Build configuration list for PBXProject "MusicPlayerApp" */ = {
			isa = XCConfigurationList;
			buildConfigurations = (
				488701A421034B800054B0F6 /* Debug */,
				488701A521034B800054B0F6 /* Release */,
			);
			defaultConfigurationIsVisible = 0;
			defaultConfigurationName = Release;
		};
		488701A621034B800054B0F6 /* Build configuration list for PBXNativeTarget "MusicPlayerApp" */ = {
			isa = XCConfigurationList;
			buildConfigurations = (
				488701A721034B800054B0F6 /* Debug */,
				488701A821034B800054B0F6 /* Release */,
			);
			defaultConfigurationIsVisible = 0;
			defaultConfigurationName = Release;
		};
		488701A921034B800054B0F6 /* Build configuration list for PBXNativeTarget "MusicPlayerAppTests" */ = {
			isa = XCConfigurationList;
			buildConfigurations = (
				488701AA21034B800054B0F6 /* Debug */,
				488701AB21034B800054B0F6 /* Release */,
			);
			defaultConfigurationIsVisible = 0;
			defaultConfigurationName = Release;
		};
		488701AC21034B800054B0F6 /* Build configuration list for PBXNativeTarget "MusicPlayerAppUITests" */ = {
			isa = XCConfigurationList;
			buildConfigurations = (
				488701AD21034B800054B0F6 /* Debug */,
				488701AE21034B800054B0F6 /* Release */,
			);
			defaultConfigurationIsVisible = 0;
			defaultConfigurationName = Release;
		};
/* End XCConfigurationList section */
	};
	rootObject = 4887017621034B7A0054B0F6 /* Project object */;
}
